
Microsoft Visual Studio Solution File, Format Version 12.00
# Visual Studio Version 17
VisualStudioVersion = 17.4.33213.308
MinimumVisualStudioVersion = 10.0.40219.1
Project("{FAE04EC0-301F-11D3-BF4B-00C04F79EFBC}") = "khawarizmi-API", "khawarizmi-API\khawarizmi-API.csproj", "{ABED0046-C738-4B39-AB28-12F996DA55EB}"
EndProject
Project("{FAE04EC0-301F-11D3-BF4B-00C04F79EFBC}") = "khawarizmi.DAL", "khawarizmi.DAL\khawarizmi.DAL.csproj", "{6F6F54B9-4EC2-4F8F-B6EE-46E2FC7DA4E2}"
EndProject
Project("{FAE04EC0-301F-11D3-BF4B-00C04F79EFBC}") = "khawarizmi.BL", "khawarizmi.BL\khawarizmi.BL.csproj", "{5A602948-CE02-4C8A-8138-CF856C72BB41}"
EndProject
Global
	GlobalSection(SolutionConfigurationPlatforms) = preSolution
		Debug|Any CPU = Debug|Any CPU
		Release|Any CPU = Release|Any CPU
	EndGlobalSection
	GlobalSection(ProjectConfigurationPlatforms) = postSolution
		{ABED0046-C738-4B39-AB28-12F996DA55EB}.Debug|Any CPU.ActiveCfg = Debug|Any CPU
		{ABED0046-C738-4B39-AB28-12F996DA55EB}.Debug|Any CPU.Build.0 = Debug|Any CPU
		{ABED0046-C738-4B39-AB28-12F996DA55EB}.Release|Any CPU.ActiveCfg = Release|Any CPU
		{ABED0046-C738-4B39-AB28-12F996DA55EB}.Release|Any CPU.Build.0 = Release|Any CPU
		{6F6F54B9-4EC2-4F8F-B6EE-46E2FC7DA4E2}.Debug|Any CPU.ActiveCfg = Debug|Any CPU
		{6F6F54B9-4EC2-4F8F-B6EE-46E2FC7DA4E2}.Debug|Any CPU.Build.0 = Debug|Any CPU
		{6F6F54B9-4EC2-4F8F-B6EE-46E2FC7DA4E2}.Release|Any CPU.ActiveCfg = Release|Any CPU
		{6F6F54B9-4EC2-4F8F-B6EE-46E2FC7DA4E2}.Release|Any CPU.Build.0 = Release|Any CPU
		{5A602948-CE02-4C8A-8138-CF856C72BB41}.Debug|Any CPU.ActiveCfg = Debug|Any CPU
		{5A602948-CE02-4C8A-8138-CF856C72BB41}.Debug|Any CPU.Build.0 = Debug|Any CPU
		{5A602948-CE02-4C8A-8138-CF856C72BB41}.Release|Any CPU.ActiveCfg = Release|Any CPU
		{5A602948-CE02-4C8A-8138-CF856C72BB41}.Release|Any CPU.Build.0 = Release|Any CPU
	EndGlobalSection
	GlobalSection(SolutionProperties) = preSolution
		HideSolutionNode = FALSE
	EndGlobalSection
	GlobalSection(ExtensibilityGlobals) = postSolution
		SolutionGuid = {06E92E71-05EF-4417-8B81-9308270A9E5D}
	EndGlobalSection
EndGlobal
